
Microsoft Visual Studio Solution File, Format Version 12.00
# Visual Studio Version 16
VisualStudioVersion = 16.0.29709.97
MinimumVisualStudioVersion = 10.0.40219.1
Project("{FAE04EC0-301F-11D3-BF4B-00C04F79EFBC}") = "Arman Web App", "Arman Web App.csproj", "{FD59995B-A72D-4805-86F6-02A3BAE36243}"
EndProject
Global
	GlobalSection(SolutionConfigurationPlatforms) = preSolution
		Debug|Any CPU = Debug|Any CPU
		Release|Any CPU = Release|Any CPU
	EndGlobalSection
	GlobalSection(ProjectConfigurationPlatforms) = postSolution
		{FD59995B-A72D-4805-86F6-02A3BAE36243}.Debug|Any CPU.ActiveCfg = Debug|Any CPU
		{FD59995B-A72D-4805-86F6-02A3BAE36243}.Debug|Any CPU.Build.0 = Debug|Any CPU
		{FD59995B-A72D-4805-86F6-02A3BAE36243}.Release|Any CPU.ActiveCfg = Release|Any CPU
		{FD59995B-A72D-4805-86F6-02A3BAE36243}.Release|Any CPU.Build.0 = Release|Any CPU
	EndGlobalSection
	GlobalSection(SolutionProperties) = preSolution
		HideSolutionNode = FALSE
	EndGlobalSection
	GlobalSection(ExtensibilityGlobals) = postSolution
		SolutionGuid = {EA5714D7-FD9E-4A4F-8C54-76CF39352F39}
	EndGlobalSection
EndGlobal
